
Microsoft Visual Studio Solution File, Format Version 12.00
# Visual Studio Version 17
VisualStudioVersion = 17.4.33205.214
MinimumVisualStudioVersion = 10.0.40219.1
Project("{FAE04EC0-301F-11D3-BF4B-00C04F79EFBC}") = "ToDoList.Core", "ToDoList.Core\ToDoList.Core.csproj", "{3850CCB7-3F2F-4901-9E55-CA77974C1882}"
EndProject
Global
	GlobalSection(SolutionConfigurationPlatforms) = preSolution
		Debug|Any CPU = Debug|Any CPU
		Release|Any CPU = Release|Any CPU
	EndGlobalSection
	GlobalSection(ProjectConfigurationPlatforms) = postSolution
		{3850CCB7-3F2F-4901-9E55-CA77974C1882}.Debug|Any CPU.ActiveCfg = Debug|Any CPU
		{3850CCB7-3F2F-4901-9E55-CA77974C1882}.Debug|Any CPU.Build.0 = Debug|Any CPU
		{3850CCB7-3F2F-4901-9E55-CA77974C1882}.Release|Any CPU.ActiveCfg = Release|Any CPU
		{3850CCB7-3F2F-4901-9E55-CA77974C1882}.Release|Any CPU.Build.0 = Release|Any CPU
	EndGlobalSection
	GlobalSection(SolutionProperties) = preSolution
		HideSolutionNode = FALSE
	EndGlobalSection
	GlobalSection(ExtensibilityGlobals) = postSolution
		SolutionGuid = {F7FAF154-F1EA-4B60-AFA5-B9B70319D621}
	EndGlobalSection
EndGlobal
